// !$*UTF8*$!
{
	archiveVersion = 1;
	classes = {
	};
	objectVersion = 50;
	objects = {

/* Begin PBXBuildFile section */
		8E8E9B7C2710898B0001600E /* AppDelegate.swift in Sources */ = {isa = PBXBuildFile; fileRef = 8E8E9B7B2710898B0001600E /* AppDelegate.swift */; };
		8E8E9B7E2710898B0001600E /* SceneDelegate.swift in Sources */ = {isa = PBXBuildFile; fileRef = 8E8E9B7D2710898B0001600E /* SceneDelegate.swift */; };
		8E8E9B802710898B0001600E /* ViewController.swift in Sources */ = {isa = PBXBuildFile; fileRef = 8E8E9B7F2710898B0001600E /* ViewController.swift */; };
		8E8E9B832710898B0001600E /* Main.storyboard in Resources */ = {isa = PBXBuildFile; fileRef = 8E8E9B812710898B0001600E /* Main.storyboard */; };
		8E8E9B852710898E0001600E /* Assets.xcassets in Resources */ = {isa = PBXBuildFile; fileRef = 8E8E9B842710898E0001600E /* Assets.xcassets */; };
		8E8E9B882710898E0001600E /* LaunchScreen.storyboard in Resources */ = {isa = PBXBuildFile; fileRef = 8E8E9B862710898E0001600E /* LaunchScreen.storyboard */; };
		8E8E9B932710898F0001600E /* MadLibsTests.swift in Sources */ = {isa = PBXBuildFile; fileRef = 8E8E9B922710898F0001600E /* MadLibsTests.swift */; };
		8E8E9B9E2710898F0001600E /* MadLibsUITests.swift in Sources */ = {isa = PBXBuildFile; fileRef = 8E8E9B9D2710898F0001600E /* MadLibsUITests.swift */; };
		8E8E9BAC27108C350001600E /* secondViewController.swift in Sources */ = {isa = PBXBuildFile; fileRef = 8E8E9BAB27108C350001600E /* secondViewController.swift */; };
/* End PBXBuildFile section */

/* Begin PBXContainerItemProxy section */
		8E8E9B8F2710898F0001600E /* PBXContainerItemProxy */ = {
			isa = PBXContainerItemProxy;
			containerPortal = 8E8E9B702710898B0001600E /* Project object */;
			proxyType = 1;
			remoteGlobalIDString = 8E8E9B772710898B0001600E;
			remoteInfo = MadLibs;
		};
		8E8E9B9A2710898F0001600E /* PBXContainerItemProxy */ = {
			isa = PBXContainerItemProxy;
			containerPortal = 8E8E9B702710898B0001600E /* Project object */;
			proxyType = 1;
			remoteGlobalIDString = 8E8E9B772710898B0001600E;
			remoteInfo = MadLibs;
		};
/* End PBXContainerItemProxy section */

/* Begin PBXFileReference section */
		8E8E9B782710898B0001600E /* MadLibs.app */ = {isa = PBXFileReference; explicitFileType = wrapper.application; includeInIndex = 0; path = MadLibs.app; sourceTree = BUILT_PRODUCTS_DIR; };
		8E8E9B7B2710898B0001600E /* AppDelegate.swift */ = {isa = PBXFileReference; lastKnownFileType = sourcecode.swift; path = AppDelegate.swift; sourceTree = "<group>"; };
		8E8E9B7D2710898B0001600E /* SceneDelegate.swift */ = {isa = PBXFileReference; lastKnownFileType = sourcecode.swift; path = SceneDelegate.swift; sourceTree = "<group>"; };
		8E8E9B7F2710898B0001600E /* ViewController.swift */ = {isa = PBXFileReference; lastKnownFileType = sourcecode.swift; path = ViewController.swift; sourceTree = "<group>"; };
		8E8E9B822710898B0001600E /* Base */ = {isa = PBXFileReference; lastKnownFileType = file.storyboard; name = Base; path = Base.lproj/Main.storyboard; sourceTree = "<group>"; };
		8E8E9B842710898E0001600E /* Assets.xcassets */ = {isa = PBXFileReference; lastKnownFileType = folder.assetcatalog; path = Assets.xcassets; sourceTree = "<group>"; };
		8E8E9B872710898E0001600E /* Base */ = {isa = PBXFileReference; lastKnownFileType = file.storyboard; name = Base; path = Base.lproj/LaunchScreen.storyboard; sourceTree = "<group>"; };
		8E8E9B892710898E0001600E /* Info.plist */ = {isa = PBXFileReference; lastKnownFileType = text.plist.xml; path = Info.plist; sourceTree = "<group>"; };
		8E8E9B8E2710898F0001600E /* MadLibsTests.xctest */ = {isa = PBXFileReference; explicitFileType = wrapper.cfbundle; includeInIndex = 0; path = MadLibsTests.xctest; sourceTree = BUILT_PRODUCTS_DIR; };
		8E8E9B922710898F0001600E /* MadLibsTests.swift */ = {isa = PBXFileReference; lastKnownFileType = sourcecode.swift; path = MadLibsTests.swift; sourceTree = "<group>"; };
		8E8E9B942710898F0001600E /* Info.plist */ = {isa = PBXFileReference; lastKnownFileType = text.plist.xml; path = Info.plist; sourceTree = "<group>"; };
		8E8E9B992710898F0001600E /* MadLibsUITests.xctest */ = {isa = PBXFileReference; explicitFileType = wrapper.cfbundle; includeInIndex = 0; path = MadLibsUITests.xctest; sourceTree = BUILT_PRODUCTS_DIR; };
		8E8E9B9D2710898F0001600E /* MadLibsUITests.swift */ = {isa = PBXFileReference; lastKnownFileType = sourcecode.swift; path = MadLibsUITests.swift; sourceTree = "<group>"; };
		8E8E9B9F2710898F0001600E /* Info.plist */ = {isa = PBXFileReference; lastKnownFileType = text.plist.xml; path = Info.plist; sourceTree = "<group>"; };
		8E8E9BAB27108C350001600E /* secondViewController.swift */ = {isa = PBXFileReference; lastKnownFileType = sourcecode.swift; path = secondViewController.swift; sourceTree = "<group>"; };
/* End PBXFileReference section */

/* Begin PBXFrameworksBuildPhase section */
		8E8E9B752710898B0001600E /* Frameworks */ = {
			isa = PBXFrameworksBuildPhase;
			buildActionMask = 2147483647;
			files = (
			);
			runOnlyForDeploymentPostprocessing = 0;
		};
		8E8E9B8B2710898F0001600E /* Frameworks */ = {
			isa = PBXFrameworksBuildPhase;
			buildActionMask = 2147483647;
			files = (
			);
			runOnlyForDeploymentPostprocessing = 0;
		};
		8E8E9B962710898F0001600E /* Frameworks */ = {
			isa = PBXFrameworksBuildPhase;
			buildActionMask = 2147483647;
			files = (
			);
			runOnlyForDeploymentPostprocessing = 0;
		};
/* End PBXFrameworksBuildPhase section */

/* Begin PBXGroup section */
		8E8E9B6F2710898B0001600E = {
			isa = PBXGroup;
			children = (
				8E8E9B7A2710898B0001600E /* MadLibs */,
				8E8E9B912710898F0001600E /* MadLibsTests */,
				8E8E9B9C2710898F0001600E /* MadLibsUITests */,
				8E8E9B792710898B0001600E /* Products */,
			);
			sourceTree = "<group>";
		};
		8E8E9B792710898B0001600E /* Products */ = {
			isa = PBXGroup;
			children = (
				8E8E9B782710898B0001600E /* MadLibs.app */,
				8E8E9B8E2710898F0001600E /* MadLibsTests.xctest */,
				8E8E9B992710898F0001600E /* MadLibsUITests.xctest */,
			);
			name = Products;
			sourceTree = "<group>";
		};
		8E8E9B7A2710898B0001600E /* MadLibs */ = {
			isa = PBXGroup;
			children = (
				8E8E9B7B2710898B0001600E /* AppDelegate.swift */,
				8E8E9B7D2710898B0001600E /* SceneDelegate.swift */,
				8E8E9B7F2710898B0001600E /* ViewController.swift */,
				8E8E9BAB27108C350001600E /* secondViewController.swift */,
				8E8E9B812710898B0001600E /* Main.storyboard */,
				8E8E9B842710898E0001600E /* Assets.xcassets */,
				8E8E9B862710898E0001600E /* LaunchScreen.storyboard */,
				8E8E9B892710898E0001600E /* Info.plist */,
			);
			path = MadLibs;
			sourceTree = "<group>";
		};
		8E8E9B912710898F0001600E /* MadLibsTests */ = {
			isa = PBXGroup;
			children = (
				8E8E9B922710898F0001600E /* MadLibsTests.swift */,
				8E8E9B942710898F0001600E /* Info.plist */,
			);
			path = MadLibsTests;
			sourceTree = "<group>";
		};
		8E8E9B9C2710898F0001600E /* MadLibsUITests */ = {
			isa = PBXGroup;
			children = (
				8E8E9B9D2710898F0001600E /* MadLibsUITests.swift */,
				8E8E9B9F2710898F0001600E /* Info.plist */,
			);
			path = MadLibsUITests;
			sourceTree = "<group>";
		};
/* End PBXGroup section */

/* Begin PBXNativeTarget section */
		8E8E9B772710898B0001600E /* MadLibs */ = {
			isa = PBXNativeTarget;
			buildConfigurationList = 8E8E9BA22710898F0001600E /* Build configuration list for PBXNativeTarget "MadLibs" */;
			buildPhases = (
				8E8E9B742710898B0001600E /* Sources */,
				8E8E9B752710898B0001600E /* Frameworks */,
				8E8E9B762710898B0001600E /* Resources */,
			);
			buildRules = (
			);
			dependencies = (
			);
			name = MadLibs;
			productName = MadLibs;
			productReference = 8E8E9B782710898B0001600E /* MadLibs.app */;
			productType = "com.apple.product-type.application";
		};
		8E8E9B8D2710898F0001600E /* MadLibsTests */ = {
			isa = PBXNativeTarget;
			buildConfigurationList = 8E8E9BA52710898F0001600E /* Build configuration list for PBXNativeTarget "MadLibsTests" */;
			buildPhases = (
				8E8E9B8A2710898F0001600E /* Sources */,
				8E8E9B8B2710898F0001600E /* Frameworks */,
				8E8E9B8C2710898F0001600E /* Resources */,
			);
			buildRules = (
			);
			dependencies = (
				8E8E9B902710898F0001600E /* PBXTargetDependency */,
			);
			name = MadLibsTests;
			productName = MadLibsTests;
			productReference = 8E8E9B8E2710898F0001600E /* MadLibsTests.xctest */;
			productType = "com.apple.product-type.bundle.unit-test";
		};
		8E8E9B982710898F0001600E /* MadLibsUITests */ = {
			isa = PBXNativeTarget;
			buildConfigurationList = 8E8E9BA82710898F0001600E /* Build configuration list for PBXNativeTarget "MadLibsUITests" */;
			buildPhases = (
				8E8E9B952710898F0001600E /* Sources */,
				8E8E9B962710898F0001600E /* Frameworks */,
				8E8E9B972710898F0001600E /* Resources */,
			);
			buildRules = (
			);
			dependencies = (
				8E8E9B9B2710898F0001600E /* PBXTargetDependency */,
			);
			name = MadLibsUITests;
			productName = MadLibsUITests;
			productReference = 8E8E9B992710898F0001600E /* MadLibsUITests.xctest */;
			productType = "com.apple.product-type.bundle.ui-testing";
		};
/* End PBXNativeTarget section */

/* Begin PBXProject section */
		8E8E9B702710898B0001600E /* Project object */ = {
			isa = PBXProject;
			attributes = {
				LastSwiftUpdateCheck = 1250;
				LastUpgradeCheck = 1250;
				TargetAttributes = {
					8E8E9B772710898B0001600E = {
						CreatedOnToolsVersion = 12.5.1;
					};
					8E8E9B8D2710898F0001600E = {
						CreatedOnToolsVersion = 12.5.1;
						TestTargetID = 8E8E9B772710898B0001600E;
					};
					8E8E9B982710898F0001600E = {
						CreatedOnToolsVersion = 12.5.1;
						TestTargetID = 8E8E9B772710898B0001600E;
					};
				};
			};
			buildConfigurationList = 8E8E9B732710898B0001600E /* Build configuration list for PBXProject "MadLibs" */;
			compatibilityVersion = "Xcode 9.3";
			developmentRegion = en;
			hasScannedForEncodings = 0;
			knownRegions = (
				en,
				Base,
			);
			mainGroup = 8E8E9B6F2710898B0001600E;
			productRefGroup = 8E8E9B792710898B0001600E /* Products */;
			projectDirPath = "";
			projectRoot = "";
			targets = (
				8E8E9B772710898B0001600E /* MadLibs */,
				8E8E9B8D2710898F0001600E /* MadLibsTests */,
				8E8E9B982710898F0001600E /* MadLibsUITests */,
			);
		};
/* End PBXProject section */

/* Begin PBXResourcesBuildPhase section */
		8E8E9B762710898B0001600E /* Resources */ = {
			isa = PBXResourcesBuildPhase;
			buildActionMask = 2147483647;
			files = (
				8E8E9B882710898E0001600E /* LaunchScreen.storyboard in Resources */,
				8E8E9B852710898E0001600E /* Assets.xcassets in Resources */,
				8E8E9B832710898B0001600E /* Main.storyboard in Resources */,
			);
			runOnlyForDeploymentPostprocessing = 0;
		};
		8E8E9B8C2710898F0001600E /* Resources */ = {
			isa = PBXResourcesBuildPhase;
			buildActionMask = 2147483647;
			files = (
			);
			runOnlyForDeploymentPostprocessing = 0;
		};
		8E8E9B972710898F0001600E /* Resources */ = {
			isa = PBXResourcesBuildPhase;
			buildActionMask = 2147483647;
			files = (
			);
			runOnlyForDeploymentPostprocessing = 0;
		};
/* End PBXResourcesBuildPhase section */

/* Begin PBXSourcesBuildPhase section */
		8E8E9B742710898B0001600E /* Sources */ = {
			isa = PBXSourcesBuildPhase;
			buildActionMask = 2147483647;
			files = (
				8E8E9BAC27108C350001600E /* secondViewController.swift in Sources */,
				8E8E9B802710898B0001600E /* ViewController.swift in Sources */,
				8E8E9B7C2710898B0001600E /* AppDelegate.swift in Sources */,
				8E8E9B7E2710898B0001600E /* SceneDelegate.swift in Sources */,
			);
			runOnlyForDeploymentPostprocessing = 0;
		};
		8E8E9B8A2710898F0001600E /* Sources */ = {
			isa = PBXSourcesBuildPhase;
			buildActionMask = 2147483647;
			files = (
				8E8E9B932710898F0001600E /* MadLibsTests.swift in Sources */,
			);
			runOnlyForDeploymentPostprocessing = 0;
		};
		8E8E9B952710898F0001600E /* Sources */ = {
			isa = PBXSourcesBuildPhase;
			buildActionMask = 2147483647;
			files = (
				8E8E9B9E2710898F0001600E /* MadLibsUITests.swift in Sources */,
			);
			runOnlyForDeploymentPostprocessing = 0;
		};
/* End PBXSourcesBuildPhase section */

/* Begin PBXTargetDependency section */
		8E8E9B902710898F0001600E /* PBXTargetDependency */ = {
			isa = PBXTargetDependency;
			target = 8E8E9B772710898B0001600E /* MadLibs */;
			targetProxy = 8E8E9B8F2710898F0001600E /* PBXContainerItemProxy */;
		};
		8E8E9B9B2710898F0001600E /* PBXTargetDependency */ = {
			isa = PBXTargetDependency;
			target = 8E8E9B772710898B0001600E /* MadLibs */;
			targetProxy = 8E8E9B9A2710898F0001600E /* PBXContainerItemProxy */;
		};
/* End PBXTargetDependency section */

/* Begin PBXVariantGroup section */
		8E8E9B812710898B0001600E /* Main.storyboard */ = {
			isa = PBXVariantGroup;
			children = (
				8E8E9B822710898B0001600E /* Base */,
			);
			name = Main.storyboard;
			sourceTree = "<group>";
		};
		8E8E9B862710898E0001600E /* LaunchScreen.storyboard */ = {
			isa = PBXVariantGroup;
			children = (
				8E8E9B872710898E0001600E /* Base */,
			);
			name = LaunchScreen.storyboard;
			sourceTree = "<group>";
		};
/* End PBXVariantGroup section */

/* Begin XCBuildConfiguration section */
		8E8E9BA02710898F0001600E /* Debug */ = {
			isa = XCBuildConfiguration;
			buildSettings = {
				ALWAYS_SEARCH_USER_PATHS = NO;
				CLANG_ANALYZER_NONNULL = YES;
				CLANG_ANALYZER_NUMBER_OBJECT_CONVERSION = YES_AGGRESSIVE;
				CLANG_CXX_LANGUAGE_STANDARD = "gnu++14";
				CLANG_CXX_LIBRARY = "libc++";
				CLANG_ENABLE_MODULES = YES;
				CLANG_ENABLE_OBJC_ARC = YES;
				CLANG_ENABLE_OBJC_WEAK = YES;
				CLANG_WARN_BLOCK_CAPTURE_AUTORELEASING = YES;
				CLANG_WARN_BOOL_CONVERSION = YES;
				CLANG_WARN_COMMA = YES;
				CLANG_WARN_CONSTANT_CONVERSION = YES;
				CLANG_WARN_DEPRECATED_OBJC_IMPLEMENTATIONS = YES;
				CLANG_WARN_DIRECT_OBJC_ISA_USAGE = YES_ERROR;
				CLANG_WARN_DOCUMENTATION_COMMENTS = YES;
				CLANG_WARN_EMPTY_BODY = YES;
				CLANG_WARN_ENUM_CONVERSION = YES;
				CLANG_WARN_INFINITE_RECURSION = YES;
				CLANG_WARN_INT_CONVERSION = YES;
				CLANG_WARN_NON_LITERAL_NULL_CONVERSION = YES;
				CLANG_WARN_OBJC_IMPLICIT_RETAIN_SELF = YES;
				CLANG_WARN_OBJC_LITERAL_CONVERSION = YES;
				CLANG_WARN_OBJC_ROOT_CLASS = YES_ERROR;
				CLANG_WARN_QUOTED_INCLUDE_IN_FRAMEWORK_HEADER = YES;
				CLANG_WARN_RANGE_LOOP_ANALYSIS = YES;
				CLANG_WARN_STRICT_PROTOTYPES = YES;
				CLANG_WARN_SUSPICIOUS_MOVE = YES;
				CLANG_WARN_UNGUARDED_AVAILABILITY = YES_AGGRESSIVE;
				CLANG_WARN_UNREACHABLE_CODE = YES;
				CLANG_WARN__DUPLICATE_METHOD_MATCH = YES;
				COPY_PHASE_STRIP = NO;
				DEBUG_INFORMATION_FORMAT = dwarf;
				ENABLE_STRICT_OBJC_MSGSEND = YES;
				ENABLE_TESTABILITY = YES;
				GCC_C_LANGUAGE_STANDARD = gnu11;
				GCC_DYNAMIC_NO_PIC = NO;
				GCC_NO_COMMON_BLOCKS = YES;
				GCC_OPTIMIZATION_LEVEL = 0;
				GCC_PREPROCESSOR_DEFINITIONS = (
					"DEBUG=1",
					"$(inherited)",
				);
				GCC_WARN_64_TO_32_BIT_CONVERSION = YES;
				GCC_WARN_ABOUT_RETURN_TYPE = YES_ERROR;
				GCC_WARN_UNDECLARED_SELECTOR = YES;
				GCC_WARN_UNINITIALIZED_AUTOS = YES_AGGRESSIVE;
				GCC_WARN_UNUSED_FUNCTION = YES;
				GCC_WARN_UNUSED_VARIABLE = YES;
				IPHONEOS_DEPLOYMENT_TARGET = 14.5;
				MTL_ENABLE_DEBUG_INFO = INCLUDE_SOURCE;
				MTL_FAST_MATH = YES;
				ONLY_ACTIVE_ARCH = YES;
				SDKROOT = iphoneos;
				SWIFT_ACTIVE_COMPILATION_CONDITIONS = DEBUG;
				SWIFT_OPTIMIZATION_LEVEL = "-Onone";
			};
			name = Debug;
		};
		8E8E9BA12710898F0001600E /* Release */ = {
			isa = XCBuildConfiguration;
			buildSettings = {
				ALWAYS_SEARCH_USER_PATHS = NO;
				CLANG_ANALYZER_NONNULL = YES;
				CLANG_ANALYZER_NUMBER_OBJECT_CONVERSION = YES_AGGRESSIVE;
				CLANG_CXX_LANGUAGE_STANDARD = "gnu++14";
				CLANG_CXX_LIBRARY = "libc++";
				CLANG_ENABLE_MODULES = YES;
				CLANG_ENABLE_OBJC_ARC = YES;
				CLANG_ENABLE_OBJC_WEAK = YES;
				CLANG_WARN_BLOCK_CAPTURE_AUTORELEASING = YES;
				CLANG_WARN_BOOL_CONVERSION = YES;
				CLANG_WARN_COMMA = YES;
				CLANG_WARN_CONSTANT_CONVERSION = YES;
				CLANG_WARN_DEPRECATED_OBJC_IMPLEMENTATIONS = YES;
				CLANG_WARN_DIRECT_OBJC_ISA_USAGE = YES_ERROR;
				CLANG_WARN_DOCUMENTATION_COMMENTS = YES;
				CLANG_WARN_EMPTY_BODY = YES;
				CLANG_WARN_ENUM_CONVERSION = YES;
				CLANG_WARN_INFINITE_RECURSION = YES;
				CLANG_WARN_INT_CONVERSION = YES;
				CLANG_WARN_NON_LITERAL_NULL_CONVERSION = YES;
				CLANG_WARN_OBJC_IMPLICIT_RETAIN_SELF = YES;
				CLANG_WARN_OBJC_LITERAL_CONVERSION = YES;
				CLANG_WARN_OBJC_ROOT_CLASS = YES_ERROR;
				CLANG_WARN_QUOTED_INCLUDE_IN_FRAMEWORK_HEADER = YES;
				CLANG_WARN_RANGE_LOOP_ANALYSIS = YES;
				CLANG_WARN_STRICT_PROTOTYPES = YES;
				CLANG_WARN_SUSPICIOUS_MOVE = YES;
				CLANG_WARN_UNGUARDED_AVAILABILITY = YES_AGGRESSIVE;
				CLANG_WARN_UNREACHABLE_CODE = YES;
				CLANG_WARN__DUPLICATE_METHOD_MATCH = YES;
				COPY_PHASE_STRIP = NO;
				DEBUG_INFORMATION_FORMAT = "dwarf-with-dsym";
				ENABLE_NS_ASSERTIONS = NO;
				ENABLE_STRICT_OBJC_MSGSEND = YES;
				GCC_C_LANGUAGE_STANDARD = gnu11;
				GCC_NO_COMMON_BLOCKS = YES;
				GCC_WARN_64_TO_32_BIT_CONVERSION = YES;
				GCC_WARN_ABOUT_RETURN_TYPE = YES_ERROR;
				GCC_WARN_UNDECLARED_SELECTOR = YES;
				GCC_WARN_UNINITIALIZED_AUTOS = YES_AGGRESSIVE;
				GCC_WARN_UNUSED_FUNCTION = YES;
				GCC_WARN_UNUSED_VARIABLE = YES;
				IPHONEOS_DEPLOYMENT_TARGET = 14.5;
				MTL_ENABLE_DEBUG_INFO = NO;
				MTL_FAST_MATH = YES;
				SDKROOT = iphoneos;
				SWIFT_COMPILATION_MODE = wholemodule;
				SWIFT_OPTIMIZATION_LEVEL = "-O";
				VALIDATE_PRODUCT = YES;
			};
			name = Release;
		};
		8E8E9BA32710898F0001600E /* Debug */ = {
			isa = XCBuildConfiguration;
			buildSettings = {
				ASSETCATALOG_COMPILER_APPICON_NAME = AppIcon;
				ASSETCATALOG_COMPILER_GLOBAL_ACCENT_COLOR_NAME = AccentColor;
				CODE_SIGN_STYLE = Automatic;
				DEVELOPMENT_TEAM = 3P58GG46V4;
				INFOPLIST_FILE = MadLibs/Info.plist;
				LD_RUNPATH_SEARCH_PATHS = (
					"$(inherited)",
					"@executable_path/Frameworks",
				);
				PRODUCT_BUNDLE_IDENTIFIER = wasan.MadLibs;
				PRODUCT_NAME = "$(TARGET_NAME)";
				SWIFT_VERSION = 5.0;
				TARGETED_DEVICE_FAMILY = "1,2";
			};
			name = Debug;
		};
		8E8E9BA42710898F0001600E /* Release */ = {
			isa = XCBuildConfiguration;
			buildSettings = {
				ASSETCATALOG_COMPILER_APPICON_NAME = AppIcon;
				ASSETCATALOG_COMPILER_GLOBAL_ACCENT_COLOR_NAME = AccentColor;
				CODE_SIGN_STYLE = Automatic;
				DEVELOPMENT_TEAM = 3P58GG46V4;
				INFOPLIST_FILE = MadLibs/Info.plist;
				LD_RUNPATH_SEARCH_PATHS = (
					"$(inherited)",
					"@executable_path/Frameworks",
				);
				PRODUCT_BUNDLE_IDENTIFIER = wasan.MadLibs;
				PRODUCT_NAME = "$(TARGET_NAME)";
				SWIFT_VERSION = 5.0;
				TARGETED_DEVICE_FAMILY = "1,2";
			};
			name = Release;
		};
		8E8E9BA62710898F0001600E /* Debug */ = {
			isa = XCBuildConfiguration;
			buildSettings = {
				ALWAYS_EMBED_SWIFT_STANDARD_LIBRARIES = YES;
				BUNDLE_LOADER = "$(TEST_HOST)";
				CODE_SIGN_STYLE = Automatic;
				DEVELOPMENT_TEAM = 3P58GG46V4;
				INFOPLIST_FILE = MadLibsTests/Info.plist;
				IPHONEOS_DEPLOYMENT_TARGET = 14.5;
				LD_RUNPATH_SEARCH_PATHS = (
					"$(inherited)",
					"@executable_path/Frameworks",
					"@loader_path/Frameworks",
				);
				PRODUCT_BUNDLE_IDENTIFIER = wasan.MadLibsTests;
				PRODUCT_NAME = "$(TARGET_NAME)";
				SWIFT_VERSION = 5.0;
				TARGETED_DEVICE_FAMILY = "1,2";
				TEST_HOST = "$(BUILT_PRODUCTS_DIR)/MadLibs.app/MadLibs";
			};
			name = Debug;
		};
		8E8E9BA72710898F0001600E /* Release */ = {
			isa = XCBuildConfiguration;
			buildSettings = {
				ALWAYS_EMBED_SWIFT_STANDARD_LIBRARIES = YES;
				BUNDLE_LOADER = "$(TEST_HOST)";
				CODE_SIGN_STYLE = Automatic;
				DEVELOPMENT_TEAM = 3P58GG46V4;
				INFOPLIST_FILE = MadLibsTests/Info.plist;
				IPHONEOS_DEPLOYMENT_TARGET = 14.5;
				LD_RUNPATH_SEARCH_PATHS = (
					"$(inherited)",
					"@executable_path/Frameworks",
					"@loader_path/Frameworks",
				);
				PRODUCT_BUNDLE_IDENTIFIER = wasan.MadLibsTests;
				PRODUCT_NAME = "$(TARGET_NAME)";
				SWIFT_VERSION = 5.0;
				TARGETED_DEVICE_FAMILY = "1,2";
				TEST_HOST = "$(BUILT_PRODUCTS_DIR)/MadLibs.app/MadLibs";
			};
			name = Release;
		};
		8E8E9BA92710898F0001600E /* Debug */ = {
			isa = XCBuildConfiguration;
			buildSettings = {
				ALWAYS_EMBED_SWIFT_STANDARD_LIBRARIES = YES;
				CODE_SIGN_STYLE = Automatic;
				DEVELOPMENT_TEAM = 3P58GG46V4;
				INFOPLIST_FILE = MadLibsUITests/Info.plist;
				LD_RUNPATH_SEARCH_PATHS = (
					"$(inherited)",
					"@executable_path/Frameworks",
					"@loader_path/Frameworks",
				);
				PRODUCT_BUNDLE_IDENTIFIER = wasan.MadLibsUITests;
				PRODUCT_NAME = "$(TARGET_NAME)";
				SWIFT_VERSION = 5.0;
				TARGETED_DEVICE_FAMILY = "1,2";
				TEST_TARGET_NAME = MadLibs;
			};
			name = Debug;
		};
		8E8E9BAA2710898F0001600E /* Release */ = {
			isa = XCBuildConfiguration;
			buildSettings = {
				ALWAYS_EMBED_SWIFT_STANDARD_LIBRARIES = YES;
				CODE_SIGN_STYLE = Automatic;
				DEVELOPMENT_TEAM = 3P58GG46V4;
				INFOPLIST_FILE = MadLibsUITests/Info.plist;
				LD_RUNPATH_SEARCH_PATHS = (
					"$(inherited)",
					"@executable_path/Frameworks",
					"@loader_path/Frameworks",
				);
				PRODUCT_BUNDLE_IDENTIFIER = wasan.MadLibsUITests;
				PRODUCT_NAME = "$(TARGET_NAME)";
				SWIFT_VERSION = 5.0;
				TARGETED_DEVICE_FAMILY = "1,2";
				TEST_TARGET_NAME = MadLibs;
			};
			name = Release;
		};
/* End XCBuildConfiguration section */

/* Begin XCConfigurationList section */
		8E8E9B732710898B0001600E /* Build configuration list for PBXProject "MadLibs" */ = {
			isa = XCConfigurationList;
			buildConfigurations = (
				8E8E9BA02710898F0001600E /* Debug */,
				8E8E9BA12710898F0001600E /* Release */,
			);
			defaultConfigurationIsVisible = 0;
			defaultConfigurationName = Release;
		};
		8E8E9BA22710898F0001600E /* Build configuration list for PBXNativeTarget "MadLibs" */ = {
			isa = XCConfigurationList;
			buildConfigurations = (
				8E8E9BA32710898F0001600E /* Debug */,
				8E8E9BA42710898F0001600E /* Release */,
			);
			defaultConfigurationIsVisible = 0;
			defaultConfigurationName = Release;
		};
		8E8E9BA52710898F0001600E /* Build configuration list for PBXNativeTarget "MadLibsTests" */ = {
			isa = XCConfigurationList;
			buildConfigurations = (
				8E8E9BA62710898F0001600E /* Debug */,
				8E8E9BA72710898F0001600E /* Release */,
			);
			defaultConfigurationIsVisible = 0;
			defaultConfigurationName = Release;
		};
		8E8E9BA82710898F0001600E /* Build configuration list for PBXNativeTarget "MadLibsUITests" */ = {
			isa = XCConfigurationList;
			buildConfigurations = (
				8E8E9BA92710898F0001600E /* Debug */,
				8E8E9BAA2710898F0001600E /* Release */,
			);
			defaultConfigurationIsVisible = 0;
			defaultConfigurationName = Release;
		};
/* End XCConfigurationList section */
	};
	rootObject = 8E8E9B702710898B0001600E /* Project object */;
}
